
Microsoft Visual Studio Solution File, Format Version 12.00
# Visual Studio Version 16
VisualStudioVersion = 16.0.29424.173
MinimumVisualStudioVersion = 10.0.40219.1
Project("{FAE04EC0-301F-11D3-BF4B-00C04F79EFBC}") = "HuizenAPI", "HuizenAPI\HuizenAPI.csproj", "{82C54DC5-1671-43A5-AC6C-ED4FC700E286}"
EndProject
Global
	GlobalSection(SolutionConfigurationPlatforms) = preSolution
		Debug|Any CPU = Debug|Any CPU
		Release|Any CPU = Release|Any CPU
	EndGlobalSection
	GlobalSection(ProjectConfigurationPlatforms) = postSolution
		{82C54DC5-1671-43A5-AC6C-ED4FC700E286}.Debug|Any CPU.ActiveCfg = Debug|Any CPU
		{82C54DC5-1671-43A5-AC6C-ED4FC700E286}.Debug|Any CPU.Build.0 = Debug|Any CPU
		{82C54DC5-1671-43A5-AC6C-ED4FC700E286}.Release|Any CPU.ActiveCfg = Release|Any CPU
		{82C54DC5-1671-43A5-AC6C-ED4FC700E286}.Release|Any CPU.Build.0 = Release|Any CPU
	EndGlobalSection
	GlobalSection(SolutionProperties) = preSolution
		HideSolutionNode = FALSE
	EndGlobalSection
	GlobalSection(ExtensibilityGlobals) = postSolution
		SolutionGuid = {157C5BD7-6477-4B1B-9923-9C5C9246E418}
	EndGlobalSection
EndGlobal
